// !$*UTF8*$!
{
	archiveVersion = 1;
	classes = {
	};
	objectVersion = 46;
	objects = {

/* Begin PBXBuildFile section */
		3134DDC2934E2FDFEE4CB1FC /* Pods_TestProjectTests.framework in Frameworks */ = {isa = PBXBuildFile; fileRef = 28E6AC16E7F66230EAB9112F /* Pods_TestProjectTests.framework */; };
		3653E60EFB63698745CBBD25 /* libPods-OneSignalNotificationExtension.a in Frameworks */ = {isa = PBXBuildFile; fileRef = E001D93B6B5154B763760667 /* libPods-OneSignalNotificationExtension.a */; };
		430D37771EBD185A00CF64EE /* SeperatorTableViewCell.xib in Resources */ = {isa = PBXBuildFile; fileRef = 430D37761EBD185A00CF64EE /* SeperatorTableViewCell.xib */; };
		4324CA341E978FDA005D82FF /* PostListViewController.swift in Sources */ = {isa = PBXBuildFile; fileRef = 4324CA331E978FDA005D82FF /* PostListViewController.swift */; };
		4324CA361E97D5EE005D82FF /* Post.swift in Sources */ = {isa = PBXBuildFile; fileRef = 4324CA351E97D5EE005D82FF /* Post.swift */; };
		432BF58C1EA642820055BEE6 /* Ad.xib in Resources */ = {isa = PBXBuildFile; fileRef = 432BF58A1EA642820055BEE6 /* Ad.xib */; };
		433380441EA90FC7006E41D3 /* PostItemText.xib in Resources */ = {isa = PBXBuildFile; fileRef = 433380431EA90FC7006E41D3 /* PostItemText.xib */; };
		433380461EA910BE006E41D3 /* PostItemText.swift in Sources */ = {isa = PBXBuildFile; fileRef = 433380451EA910BE006E41D3 /* PostItemText.swift */; };
		433380491EA9182B006E41D3 /* PostItemImage.swift in Sources */ = {isa = PBXBuildFile; fileRef = 433380471EA9182B006E41D3 /* PostItemImage.swift */; };
		4333804A1EA9182B006E41D3 /* PostItemImage.xib in Resources */ = {isa = PBXBuildFile; fileRef = 433380481EA9182B006E41D3 /* PostItemImage.xib */; };
		433ED3CE1F1F501400488C98 /* KitOverviewViewController.swift in Sources */ = {isa = PBXBuildFile; fileRef = 433ED3CD1F1F501400488C98 /* KitOverviewViewController.swift */; };
		4349BE091EBB9B4D00AFF03E /* BootListViewController.swift in Sources */ = {isa = PBXBuildFile; fileRef = 4349BE081EBB9B4D00AFF03E /* BootListViewController.swift */; };
		434E857C1EA598BB002B0144 /* PostIndexView.swift in Sources */ = {isa = PBXBuildFile; fileRef = 434E857A1EA598BB002B0144 /* PostIndexView.swift */; };
		434E857D1EA598BB002B0144 /* PostIndexView.xib in Resources */ = {isa = PBXBuildFile; fileRef = 434E857B1EA598BB002B0144 /* PostIndexView.xib */; };
		4359EE561EB09B2100BCA43D /* PostItemViewControllerNew.swift in Sources */ = {isa = PBXBuildFile; fileRef = 4359EE551EB09B2100BCA43D /* PostItemViewControllerNew.swift */; };
		4359EE581EB0A0C600BCA43D /* PostItemWebViewController.swift in Sources */ = {isa = PBXBuildFile; fileRef = 4359EE571EB0A0C600BCA43D /* PostItemWebViewController.swift */; };
		4359EE5F1EB0A87300BCA43D /* PostIndexZZZView.swift in Sources */ = {isa = PBXBuildFile; fileRef = 4359EE5D1EB0A87300BCA43D /* PostIndexZZZView.swift */; };
		4359EE601EB0A87300BCA43D /* PostIndexZZZView.xib in Resources */ = {isa = PBXBuildFile; fileRef = 4359EE5E1EB0A87300BCA43D /* PostIndexZZZView.xib */; };
		436613C71F2F38FE009B5E8B /* NotificationService.m in Sources */ = {isa = PBXBuildFile; fileRef = 436613C61F2F38FE009B5E8B /* NotificationService.m */; };
		436613CB1F2F38FE009B5E8B /* OneSignalNotificationExtension.appex in Embed App Extensions */ = {isa = PBXBuildFile; fileRef = 436613C31F2F38FE009B5E8B /* OneSignalNotificationExtension.appex */; settings = {ATTRIBUTES = (RemoveHeadersOnCopy, ); }; };
		43EA68501E95365D00B94683 /* AppDelegate.swift in Sources */ = {isa = PBXBuildFile; fileRef = 43EA684F1E95365D00B94683 /* AppDelegate.swift */; };
		43EA68521E95365D00B94683 /* ViewController.swift in Sources */ = {isa = PBXBuildFile; fileRef = 43EA68511E95365D00B94683 /* ViewController.swift */; };
		43EA68551E95365D00B94683 /* Main.storyboard in Resources */ = {isa = PBXBuildFile; fileRef = 43EA68531E95365D00B94683 /* Main.storyboard */; };
		43EA68571E95365D00B94683 /* Assets.xcassets in Resources */ = {isa = PBXBuildFile; fileRef = 43EA68561E95365D00B94683 /* Assets.xcassets */; };
		43EA685A1E95365D00B94683 /* LaunchScreen.storyboard in Resources */ = {isa = PBXBuildFile; fileRef = 43EA68581E95365D00B94683 /* LaunchScreen.storyboard */; };
		43EA68651E95365D00B94683 /* TestProjectTests.swift in Sources */ = {isa = PBXBuildFile; fileRef = 43EA68641E95365D00B94683 /* TestProjectTests.swift */; };
		43EA68701E95365D00B94683 /* TestProjectUITests.swift in Sources */ = {isa = PBXBuildFile; fileRef = 43EA686F1E95365D00B94683 /* TestProjectUITests.swift */; };
		43EE84B61EBBA6A700B9F45D /* BootIndexView.swift in Sources */ = {isa = PBXBuildFile; fileRef = 43EE84B41EBBA6A700B9F45D /* BootIndexView.swift */; };
		43EE84B71EBBA6A700B9F45D /* BootIndexView.xib in Resources */ = {isa = PBXBuildFile; fileRef = 43EE84B51EBBA6A700B9F45D /* BootIndexView.xib */; };
		43EE84B91EBBADA100B9F45D /* Boot.swift in Sources */ = {isa = PBXBuildFile; fileRef = 43EE84B81EBBADA100B9F45D /* Boot.swift */; };
		43F0CFD51EBDFFA400563187 /* DateHeaderTableViewCell.swift in Sources */ = {isa = PBXBuildFile; fileRef = 43F0CFD31EBDFFA400563187 /* DateHeaderTableViewCell.swift */; };
		43F0CFD61EBDFFA400563187 /* DateHeaderTableViewCell.xib in Resources */ = {isa = PBXBuildFile; fileRef = 43F0CFD41EBDFFA400563187 /* DateHeaderTableViewCell.xib */; };
		43F0CFD91EBDFFB400563187 /* CollectionHeaderTableViewCell.swift in Sources */ = {isa = PBXBuildFile; fileRef = 43F0CFD71EBDFFB400563187 /* CollectionHeaderTableViewCell.swift */; };
		43F0CFDA1EBDFFB400563187 /* CollectionHeaderTableViewCell.xib in Resources */ = {isa = PBXBuildFile; fileRef = 43F0CFD81EBDFFB400563187 /* CollectionHeaderTableViewCell.xib */; };
		43F0CFDC1EBE271E00563187 /* NativeExpressAd.xib in Resources */ = {isa = PBXBuildFile; fileRef = 43F0CFDB1EBE271E00563187 /* NativeExpressAd.xib */; };
		43FDEC881EA6D5D80065C400 /* PostItemViewController.swift in Sources */ = {isa = PBXBuildFile; fileRef = 43FDEC871EA6D5D80065C400 /* PostItemViewController.swift */; };
		76BDC47E30A6528E69B7E79F /* libPods-FootyHeadlinesUITests.a in Frameworks */ = {isa = PBXBuildFile; fileRef = 7810EE1931871AAE72AD9042 /* libPods-FootyHeadlinesUITests.a */; };
		86736B7CC9467627201A13CE /* Pods_TestProject.framework in Frameworks */ = {isa = PBXBuildFile; fileRef = 6E231C9220844D7D811D53F2 /* Pods_TestProject.framework */; };
		A0B2398F7A77FFCD9B61FF8C /* libPods-FootyHeadlinesTests.a in Frameworks */ = {isa = PBXBuildFile; fileRef = FAF110026690AFF4F36978C0 /* libPods-FootyHeadlinesTests.a */; };
		A399D5B2DE5104F48B2DC1FD /* Pods_TestProjectUITests.framework in Frameworks */ = {isa = PBXBuildFile; fileRef = 91F4D261B1CFDDE972C81DC4 /* Pods_TestProjectUITests.framework */; };
		F2B1CA2544C23D4F7C71C68A /* Pods_FootyHeadlines.framework in Frameworks */ = {isa = PBXBuildFile; fileRef = DC1B63EA066E81D52E5A6A44 /* Pods_FootyHeadlines.framework */; };
/* End PBXBuildFile section */

/* Begin PBXContainerItemProxy section */
		436613C91F2F38FE009B5E8B /* PBXContainerItemProxy */ = {
			isa = PBXContainerItemProxy;
			containerPortal = 43EA68441E95365D00B94683 /* Project object */;
			proxyType = 1;
			remoteGlobalIDString = 436613C21F2F38FE009B5E8B;
			remoteInfo = OneSignalNotificationExtension;
		};
		43EA68611E95365D00B94683 /* PBXContainerItemProxy */ = {
			isa = PBXContainerItemProxy;
			containerPortal = 43EA68441E95365D00B94683 /* Project object */;
			proxyType = 1;
			remoteGlobalIDString = 43EA684B1E95365D00B94683;
			remoteInfo = TestProject;
		};
		43EA686C1E95365D00B94683 /* PBXContainerItemProxy */ = {
			isa = PBXContainerItemProxy;
			containerPortal = 43EA68441E95365D00B94683 /* Project object */;
			proxyType = 1;
			remoteGlobalIDString = 43EA684B1E95365D00B94683;
			remoteInfo = TestProject;
		};
/* End PBXContainerItemProxy section */

/* Begin PBXCopyFilesBuildPhase section */
		436613CF1F2F38FE009B5E8B /* Embed App Extensions */ = {
			isa = PBXCopyFilesBuildPhase;
			buildActionMask = 2147483647;
			dstPath = "";
			dstSubfolderSpec = 13;
			files = (
				436613CB1F2F38FE009B5E8B /* OneSignalNotificationExtension.appex in Embed App Extensions */,
			);
			name = "Embed App Extensions";
			runOnlyForDeploymentPostprocessing = 0;
		};
/* End PBXCopyFilesBuildPhase section */

/* Begin PBXFileReference section */
		0513C1075E1BC8C2A78AAF14 /* Pods-TestProjectUITests.debug.xcconfig */ = {isa = PBXFileReference; includeInIndex = 1; lastKnownFileType = text.xcconfig; name = "Pods-TestProjectUITests.debug.xcconfig"; path = "Pods/Target Support Files/Pods-TestProjectUITests/Pods-TestProjectUITests.debug.xcconfig"; sourceTree = "<group>"; };
		136E83EBF659989D7316FD84 /* Pods-FootyHeadlinesTests.release.xcconfig */ = {isa = PBXFileReference; includeInIndex = 1; lastKnownFileType = text.xcconfig; name = "Pods-FootyHeadlinesTests.release.xcconfig"; path = "Pods/Target Support Files/Pods-FootyHeadlinesTests/Pods-FootyHeadlinesTests.release.xcconfig"; sourceTree = "<group>"; };
		259528389FB471FCD03E6699 /* Pods-FootyHeadlinesUITests.debug.xcconfig */ = {isa = PBXFileReference; includeInIndex = 1; lastKnownFileType = text.xcconfig; name = "Pods-FootyHeadlinesUITests.debug.xcconfig"; path = "Pods/Target Support Files/Pods-FootyHeadlinesUITests/Pods-FootyHeadlinesUITests.debug.xcconfig"; sourceTree = "<group>"; };
		28E6AC16E7F66230EAB9112F /* Pods_TestProjectTests.framework */ = {isa = PBXFileReference; explicitFileType = wrapper.framework; includeInIndex = 0; path = Pods_TestProjectTests.framework; sourceTree = BUILT_PRODUCTS_DIR; };
		2B849A5E5396B67B607633F5 /* Pods-FootyHeadlines.release.xcconfig */ = {isa = PBXFileReference; includeInIndex = 1; lastKnownFileType = text.xcconfig; name = "Pods-FootyHeadlines.release.xcconfig"; path = "Pods/Target Support Files/Pods-FootyHeadlines/Pods-FootyHeadlines.release.xcconfig"; sourceTree = "<group>"; };
		2F7329C1F00BD8FC4219BDDC /* Pods-OneSignalNotificationExtension.release.xcconfig */ = {isa = PBXFileReference; includeInIndex = 1; lastKnownFileType = text.xcconfig; name = "Pods-OneSignalNotificationExtension.release.xcconfig"; path = "Pods/Target Support Files/Pods-OneSignalNotificationExtension/Pods-OneSignalNotificationExtension.release.xcconfig"; sourceTree = "<group>"; };
		30B17B6F08631AA47EA5C293 /* Pods-TestProjectTests.release.xcconfig */ = {isa = PBXFileReference; includeInIndex = 1; lastKnownFileType = text.xcconfig; name = "Pods-TestProjectTests.release.xcconfig"; path = "Pods/Target Support Files/Pods-TestProjectTests/Pods-TestProjectTests.release.xcconfig"; sourceTree = "<group>"; };
		430D37761EBD185A00CF64EE /* SeperatorTableViewCell.xib */ = {isa = PBXFileReference; fileEncoding = 4; lastKnownFileType = file.xib; path = SeperatorTableViewCell.xib; sourceTree = "<group>"; };
		4324CA331E978FDA005D82FF /* PostListViewController.swift */ = {isa = PBXFileReference; fileEncoding = 4; lastKnownFileType = sourcecode.swift; path = PostListViewController.swift; sourceTree = "<group>"; };
		4324CA351E97D5EE005D82FF /* Post.swift */ = {isa = PBXFileReference; fileEncoding = 4; lastKnownFileType = sourcecode.swift; path = Post.swift; sourceTree = "<group>"; };
		432BF58A1EA642820055BEE6 /* Ad.xib */ = {isa = PBXFileReference; fileEncoding = 4; lastKnownFileType = file.xib; path = Ad.xib; sourceTree = "<group>"; };
		433380431EA90FC7006E41D3 /* PostItemText.xib */ = {isa = PBXFileReference; fileEncoding = 4; lastKnownFileType = file.xib; path = PostItemText.xib; sourceTree = "<group>"; };
		433380451EA910BE006E41D3 /* PostItemText.swift */ = {isa = PBXFileReference; fileEncoding = 4; lastKnownFileType = sourcecode.swift; path = PostItemText.swift; sourceTree = "<group>"; };
		433380471EA9182B006E41D3 /* PostItemImage.swift */ = {isa = PBXFileReference; fileEncoding = 4; lastKnownFileType = sourcecode.swift; path = PostItemImage.swift; sourceTree = "<group>"; };
		433380481EA9182B006E41D3 /* PostItemImage.xib */ = {isa = PBXFileReference; fileEncoding = 4; lastKnownFileType = file.xib; path = PostItemImage.xib; sourceTree = "<group>"; };
		433ED3CD1F1F501400488C98 /* KitOverviewViewController.swift */ = {isa = PBXFileReference; fileEncoding = 4; lastKnownFileType = sourcecode.swift; path = KitOverviewViewController.swift; sourceTree = "<group>"; };
		4349BE081EBB9B4D00AFF03E /* BootListViewController.swift */ = {isa = PBXFileReference; fileEncoding = 4; lastKnownFileType = sourcecode.swift; path = BootListViewController.swift; sourceTree = "<group>"; };
		434E857A1EA598BB002B0144 /* PostIndexView.swift */ = {isa = PBXFileReference; fileEncoding = 4; lastKnownFileType = sourcecode.swift; path = PostIndexView.swift; sourceTree = "<group>"; };
		434E857B1EA598BB002B0144 /* PostIndexView.xib */ = {isa = PBXFileReference; fileEncoding = 4; lastKnownFileType = file.xib; path = PostIndexView.xib; sourceTree = "<group>"; };
		4359EE551EB09B2100BCA43D /* PostItemViewControllerNew.swift */ = {isa = PBXFileReference; fileEncoding = 4; lastKnownFileType = sourcecode.swift; path = PostItemViewControllerNew.swift; sourceTree = "<group>"; };
		4359EE571EB0A0C600BCA43D /* PostItemWebViewController.swift */ = {isa = PBXFileReference; fileEncoding = 4; lastKnownFileType = sourcecode.swift; path = PostItemWebViewController.swift; sourceTree = "<group>"; };
		4359EE5D1EB0A87300BCA43D /* PostIndexZZZView.swift */ = {isa = PBXFileReference; fileEncoding = 4; lastKnownFileType = sourcecode.swift; path = PostIndexZZZView.swift; sourceTree = "<group>"; };
		4359EE5E1EB0A87300BCA43D /* PostIndexZZZView.xib */ = {isa = PBXFileReference; fileEncoding = 4; lastKnownFileType = file.xib; path = PostIndexZZZView.xib; sourceTree = "<group>"; };
		436613C31F2F38FE009B5E8B /* OneSignalNotificationExtension.appex */ = {isa = PBXFileReference; explicitFileType = "wrapper.app-extension"; includeInIndex = 0; path = OneSignalNotificationExtension.appex; sourceTree = BUILT_PRODUCTS_DIR; };
		436613C51F2F38FE009B5E8B /* NotificationService.h */ = {isa = PBXFileReference; lastKnownFileType = sourcecode.c.h; path = NotificationService.h; sourceTree = "<group>"; };
		436613C61F2F38FE009B5E8B /* NotificationService.m */ = {isa = PBXFileReference; lastKnownFileType = sourcecode.c.objc; path = NotificationService.m; sourceTree = "<group>"; };
		436613C81F2F38FE009B5E8B /* Info.plist */ = {isa = PBXFileReference; lastKnownFileType = text.plist.xml; path = Info.plist; sourceTree = "<group>"; };
		43BC4A4F1F2F3F0A0014417D /* FootyHeadlines.entitlements */ = {isa = PBXFileReference; lastKnownFileType = text.plist.entitlements; path = FootyHeadlines.entitlements; sourceTree = "<group>"; };
		43EA684C1E95365D00B94683 /* FootyHeadlines.app */ = {isa = PBXFileReference; explicitFileType = wrapper.application; includeInIndex = 0; path = FootyHeadlines.app; sourceTree = BUILT_PRODUCTS_DIR; };
		43EA684F1E95365D00B94683 /* AppDelegate.swift */ = {isa = PBXFileReference; lastKnownFileType = sourcecode.swift; path = AppDelegate.swift; sourceTree = "<group>"; };
		43EA68511E95365D00B94683 /* ViewController.swift */ = {isa = PBXFileReference; lastKnownFileType = sourcecode.swift; path = ViewController.swift; sourceTree = "<group>"; };
		43EA68541E95365D00B94683 /* Base */ = {isa = PBXFileReference; lastKnownFileType = file.storyboard; name = Base; path = Base.lproj/Main.storyboard; sourceTree = "<group>"; };
		43EA68561E95365D00B94683 /* Assets.xcassets */ = {isa = PBXFileReference; lastKnownFileType = folder.assetcatalog; path = Assets.xcassets; sourceTree = "<group>"; };
		43EA68591E95365D00B94683 /* Base */ = {isa = PBXFileReference; lastKnownFileType = file.storyboard; name = Base; path = Base.lproj/LaunchScreen.storyboard; sourceTree = "<group>"; };
		43EA685B1E95365D00B94683 /* Info.plist */ = {isa = PBXFileReference; lastKnownFileType = text.plist.xml; path = Info.plist; sourceTree = "<group>"; };
		43EA68601E95365D00B94683 /* FootyHeadlinesTests.xctest */ = {isa = PBXFileReference; explicitFileType = wrapper.cfbundle; includeInIndex = 0; path = FootyHeadlinesTests.xctest; sourceTree = BUILT_PRODUCTS_DIR; };
		43EA68641E95365D00B94683 /* TestProjectTests.swift */ = {isa = PBXFileReference; lastKnownFileType = sourcecode.swift; path = TestProjectTests.swift; sourceTree = "<group>"; };
		43EA68661E95365D00B94683 /* Info.plist */ = {isa = PBXFileReference; lastKnownFileType = text.plist.xml; path = Info.plist; sourceTree = "<group>"; };
		43EA686B1E95365D00B94683 /* FootyHeadlinesUITests.xctest */ = {isa = PBXFileReference; explicitFileType = wrapper.cfbundle; includeInIndex = 0; path = FootyHeadlinesUITests.xctest; sourceTree = BUILT_PRODUCTS_DIR; };
		43EA686F1E95365D00B94683 /* TestProjectUITests.swift */ = {isa = PBXFileReference; lastKnownFileType = sourcecode.swift; path = TestProjectUITests.swift; sourceTree = "<group>"; };
		43EA68711E95365D00B94683 /* Info.plist */ = {isa = PBXFileReference; lastKnownFileType = text.plist.xml; path = Info.plist; sourceTree = "<group>"; };
		43EE84B41EBBA6A700B9F45D /* BootIndexView.swift */ = {isa = PBXFileReference; fileEncoding = 4; lastKnownFileType = sourcecode.swift; path = BootIndexView.swift; sourceTree = "<group>"; };
		43EE84B51EBBA6A700B9F45D /* BootIndexView.xib */ = {isa = PBXFileReference; fileEncoding = 4; lastKnownFileType = file.xib; path = BootIndexView.xib; sourceTree = "<group>"; };
		43EE84B81EBBADA100B9F45D /* Boot.swift */ = {isa = PBXFileReference; fileEncoding = 4; lastKnownFileType = sourcecode.swift; path = Boot.swift; sourceTree = "<group>"; };
		43F0CFD31EBDFFA400563187 /* DateHeaderTableViewCell.swift */ = {isa = PBXFileReference; fileEncoding = 4; lastKnownFileType = sourcecode.swift; path = DateHeaderTableViewCell.swift; sourceTree = "<group>"; };
		43F0CFD41EBDFFA400563187 /* DateHeaderTableViewCell.xib */ = {isa = PBXFileReference; fileEncoding = 4; lastKnownFileType = file.xib; path = DateHeaderTableViewCell.xib; sourceTree = "<group>"; };
		43F0CFD71EBDFFB400563187 /* CollectionHeaderTableViewCell.swift */ = {isa = PBXFileReference; fileEncoding = 4; lastKnownFileType = sourcecode.swift; path = CollectionHeaderTableViewCell.swift; sourceTree = "<group>"; };
		43F0CFD81EBDFFB400563187 /* CollectionHeaderTableViewCell.xib */ = {isa = PBXFileReference; fileEncoding = 4; lastKnownFileType = file.xib; path = CollectionHeaderTableViewCell.xib; sourceTree = "<group>"; };
		43F0CFDB1EBE271E00563187 /* NativeExpressAd.xib */ = {isa = PBXFileReference; fileEncoding = 4; lastKnownFileType = file.xib; path = NativeExpressAd.xib; sourceTree = "<group>"; };
		43FDEC871EA6D5D80065C400 /* PostItemViewController.swift */ = {isa = PBXFileReference; fileEncoding = 4; lastKnownFileType = sourcecode.swift; path = PostItemViewController.swift; sourceTree = "<group>"; };
		6DD6A30607F3D4D4616ABD1D /* Pods-FootyHeadlinesUITests.release.xcconfig */ = {isa = PBXFileReference; includeInIndex = 1; lastKnownFileType = text.xcconfig; name = "Pods-FootyHeadlinesUITests.release.xcconfig"; path = "Pods/Target Support Files/Pods-FootyHeadlinesUITests/Pods-FootyHeadlinesUITests.release.xcconfig"; sourceTree = "<group>"; };
		6E231C9220844D7D811D53F2 /* Pods_TestProject.framework */ = {isa = PBXFileReference; explicitFileType = wrapper.framework; includeInIndex = 0; path = Pods_TestProject.framework; sourceTree = BUILT_PRODUCTS_DIR; };
		721AABF92B1674AB64072678 /* Pods-TestProject.release.xcconfig */ = {isa = PBXFileReference; includeInIndex = 1; lastKnownFileType = text.xcconfig; name = "Pods-TestProject.release.xcconfig"; path = "Pods/Target Support Files/Pods-TestProject/Pods-TestProject.release.xcconfig"; sourceTree = "<group>"; };
		7810EE1931871AAE72AD9042 /* libPods-FootyHeadlinesUITests.a */ = {isa = PBXFileReference; explicitFileType = archive.ar; includeInIndex = 0; path = "libPods-FootyHeadlinesUITests.a"; sourceTree = BUILT_PRODUCTS_DIR; };
		7B228421ED937953E9856BCA /* Pods-TestProjectTests.debug.xcconfig */ = {isa = PBXFileReference; includeInIndex = 1; lastKnownFileType = text.xcconfig; name = "Pods-TestProjectTests.debug.xcconfig"; path = "Pods/Target Support Files/Pods-TestProjectTests/Pods-TestProjectTests.debug.xcconfig"; sourceTree = "<group>"; };
		91F4D261B1CFDDE972C81DC4 /* Pods_TestProjectUITests.framework */ = {isa = PBXFileReference; explicitFileType = wrapper.framework; includeInIndex = 0; path = Pods_TestProjectUITests.framework; sourceTree = BUILT_PRODUCTS_DIR; };
		9C93C8A50075A2F68D4CE355 /* Pods-OneSignalNotificationExtension.debug.xcconfig */ = {isa = PBXFileReference; includeInIndex = 1; lastKnownFileType = text.xcconfig; name = "Pods-OneSignalNotificationExtension.debug.xcconfig"; path = "Pods/Target Support Files/Pods-OneSignalNotificationExtension/Pods-OneSignalNotificationExtension.debug.xcconfig"; sourceTree = "<group>"; };
		A2F12C29217FB7F8A1DA1B75 /* Pods-TestProjectUITests.release.xcconfig */ = {isa = PBXFileReference; includeInIndex = 1; lastKnownFileType = text.xcconfig; name = "Pods-TestProjectUITests.release.xcconfig"; path = "Pods/Target Support Files/Pods-TestProjectUITests/Pods-TestProjectUITests.release.xcconfig"; sourceTree = "<group>"; };
		B07ECE5DAAD9D0BA4A84249D /* Pods-FootyHeadlinesTests.debug.xcconfig */ = {isa = PBXFileReference; includeInIndex = 1; lastKnownFileType = text.xcconfig; name = "Pods-FootyHeadlinesTests.debug.xcconfig"; path = "Pods/Target Support Files/Pods-FootyHeadlinesTests/Pods-FootyHeadlinesTests.debug.xcconfig"; sourceTree = "<group>"; };
		DC1B63EA066E81D52E5A6A44 /* Pods_FootyHeadlines.framework */ = {isa = PBXFileReference; explicitFileType = wrapper.framework; includeInIndex = 0; path = Pods_FootyHeadlines.framework; sourceTree = BUILT_PRODUCTS_DIR; };
		E001D93B6B5154B763760667 /* libPods-OneSignalNotificationExtension.a */ = {isa = PBXFileReference; explicitFileType = archive.ar; includeInIndex = 0; path = "libPods-OneSignalNotificationExtension.a"; sourceTree = BUILT_PRODUCTS_DIR; };
		ED3CC352302B40C3A4D0AFDA /* Pods-FootyHeadlines.debug.xcconfig */ = {isa = PBXFileReference; includeInIndex = 1; lastKnownFileType = text.xcconfig; name = "Pods-FootyHeadlines.debug.xcconfig"; path = "Pods/Target Support Files/Pods-FootyHeadlines/Pods-FootyHeadlines.debug.xcconfig"; sourceTree = "<group>"; };
		F9A6C55F0F1CA677F3043E61 /* Pods-TestProject.debug.xcconfig */ = {isa = PBXFileReference; includeInIndex = 1; lastKnownFileType = text.xcconfig; name = "Pods-TestProject.debug.xcconfig"; path = "Pods/Target Support Files/Pods-TestProject/Pods-TestProject.debug.xcconfig"; sourceTree = "<group>"; };
		FAF110026690AFF4F36978C0 /* libPods-FootyHeadlinesTests.a */ = {isa = PBXFileReference; explicitFileType = archive.ar; includeInIndex = 0; path = "libPods-FootyHeadlinesTests.a"; sourceTree = BUILT_PRODUCTS_DIR; };
/* End PBXFileReference section */

/* Begin PBXFrameworksBuildPhase section */
		436613C01F2F38FE009B5E8B /* Frameworks */ = {
			isa = PBXFrameworksBuildPhase;
			buildActionMask = 2147483647;
			files = (
				3653E60EFB63698745CBBD25 /* libPods-OneSignalNotificationExtension.a in Frameworks */,
			);
			runOnlyForDeploymentPostprocessing = 0;
		};
		43EA68491E95365D00B94683 /* Frameworks */ = {
			isa = PBXFrameworksBuildPhase;
			buildActionMask = 2147483647;
			files = (
				86736B7CC9467627201A13CE /* Pods_TestProject.framework in Frameworks */,
				F2B1CA2544C23D4F7C71C68A /* Pods_FootyHeadlines.framework in Frameworks */,
			);
			runOnlyForDeploymentPostprocessing = 0;
		};
		43EA685D1E95365D00B94683 /* Frameworks */ = {
			isa = PBXFrameworksBuildPhase;
			buildActionMask = 2147483647;
			files = (
				3134DDC2934E2FDFEE4CB1FC /* Pods_TestProjectTests.framework in Frameworks */,
				A0B2398F7A77FFCD9B61FF8C /* libPods-FootyHeadlinesTests.a in Frameworks */,
			);
			runOnlyForDeploymentPostprocessing = 0;
		};
		43EA68681E95365D00B94683 /* Frameworks */ = {
			isa = PBXFrameworksBuildPhase;
			buildActionMask = 2147483647;
			files = (
				A399D5B2DE5104F48B2DC1FD /* Pods_TestProjectUITests.framework in Frameworks */,
				76BDC47E30A6528E69B7E79F /* libPods-FootyHeadlinesUITests.a in Frameworks */,
			);
			runOnlyForDeploymentPostprocessing = 0;
		};
/* End PBXFrameworksBuildPhase section */

/* Begin PBXGroup section */
		436613C41F2F38FE009B5E8B /* OneSignalNotificationExtension */ = {
			isa = PBXGroup;
			children = (
				436613C51F2F38FE009B5E8B /* NotificationService.h */,
				436613C61F2F38FE009B5E8B /* NotificationService.m */,
				436613C81F2F38FE009B5E8B /* Info.plist */,
			);
			path = OneSignalNotificationExtension;
			sourceTree = "<group>";
		};
		43EA68431E95365D00B94683 = {
			isa = PBXGroup;
			children = (
				43BC4A4F1F2F3F0A0014417D /* FootyHeadlines.entitlements */,
				43EA684E1E95365D00B94683 /* TestProject */,
				43EA68631E95365D00B94683 /* TestProjectTests */,
				43EA686E1E95365D00B94683 /* TestProjectUITests */,
				436613C41F2F38FE009B5E8B /* OneSignalNotificationExtension */,
				43EA684D1E95365D00B94683 /* Products */,
				729FC37C9F6DC7830013CE90 /* Pods */,
				E9B3767116E99F1BA2E6B7B0 /* Frameworks */,
			);
			sourceTree = "<group>";
		};
		43EA684D1E95365D00B94683 /* Products */ = {
			isa = PBXGroup;
			children = (
				43EA684C1E95365D00B94683 /* FootyHeadlines.app */,
				43EA68601E95365D00B94683 /* FootyHeadlinesTests.xctest */,
				43EA686B1E95365D00B94683 /* FootyHeadlinesUITests.xctest */,
				436613C31F2F38FE009B5E8B /* OneSignalNotificationExtension.appex */,
			);
			name = Products;
			sourceTree = "<group>";
		};
		43EA684E1E95365D00B94683 /* TestProject */ = {
			isa = PBXGroup;
			children = (
				43EA684F1E95365D00B94683 /* AppDelegate.swift */,
				43EA68511E95365D00B94683 /* ViewController.swift */,
				43EA68531E95365D00B94683 /* Main.storyboard */,
				433380431EA90FC7006E41D3 /* PostItemText.xib */,
				433380471EA9182B006E41D3 /* PostItemImage.swift */,
				433380481EA9182B006E41D3 /* PostItemImage.xib */,
				433380451EA910BE006E41D3 /* PostItemText.swift */,
				43FDEC871EA6D5D80065C400 /* PostItemViewController.swift */,
				43EA68561E95365D00B94683 /* Assets.xcassets */,
				43EA68581E95365D00B94683 /* LaunchScreen.storyboard */,
				43EA685B1E95365D00B94683 /* Info.plist */,
				4324CA351E97D5EE005D82FF /* Post.swift */,
				4324CA331E978FDA005D82FF /* PostListViewController.swift */,
				434E857A1EA598BB002B0144 /* PostIndexView.swift */,
				434E857B1EA598BB002B0144 /* PostIndexView.xib */,
				432BF58A1EA642820055BEE6 /* Ad.xib */,
				4359EE551EB09B2100BCA43D /* PostItemViewControllerNew.swift */,
				4359EE571EB0A0C600BCA43D /* PostItemWebViewController.swift */,
				4359EE5D1EB0A87300BCA43D /* PostIndexZZZView.swift */,
				4359EE5E1EB0A87300BCA43D /* PostIndexZZZView.xib */,
				4349BE081EBB9B4D00AFF03E /* BootListViewController.swift */,
				43EE84B41EBBA6A700B9F45D /* BootIndexView.swift */,
				43EE84B51EBBA6A700B9F45D /* BootIndexView.xib */,
				43EE84B81EBBADA100B9F45D /* Boot.swift */,
				430D37761EBD185A00CF64EE /* SeperatorTableViewCell.xib */,
				43F0CFD31EBDFFA400563187 /* DateHeaderTableViewCell.swift */,
				43F0CFD41EBDFFA400563187 /* DateHeaderTableViewCell.xib */,
				43F0CFD71EBDFFB400563187 /* CollectionHeaderTableViewCell.swift */,
				43F0CFD81EBDFFB400563187 /* CollectionHeaderTableViewCell.xib */,
				43F0CFDB1EBE271E00563187 /* NativeExpressAd.xib */,
				433ED3CD1F1F501400488C98 /* KitOverviewViewController.swift */,
			);
			path = TestProject;
			sourceTree = "<group>";
		};
		43EA68631E95365D00B94683 /* TestProjectTests */ = {
			isa = PBXGroup;
			children = (
				43EA68641E95365D00B94683 /* TestProjectTests.swift */,
				43EA68661E95365D00B94683 /* Info.plist */,
			);
			path = TestProjectTests;
			sourceTree = "<group>";
		};
		43EA686E1E95365D00B94683 /* TestProjectUITests */ = {
			isa = PBXGroup;
			children = (
				43EA686F1E95365D00B94683 /* TestProjectUITests.swift */,
				43EA68711E95365D00B94683 /* Info.plist */,
			);
			path = TestProjectUITests;
			sourceTree = "<group>";
		};
		729FC37C9F6DC7830013CE90 /* Pods */ = {
			isa = PBXGroup;
			children = (
				F9A6C55F0F1CA677F3043E61 /* Pods-TestProject.debug.xcconfig */,
				721AABF92B1674AB64072678 /* Pods-TestProject.release.xcconfig */,
				7B228421ED937953E9856BCA /* Pods-TestProjectTests.debug.xcconfig */,
				30B17B6F08631AA47EA5C293 /* Pods-TestProjectTests.release.xcconfig */,
				0513C1075E1BC8C2A78AAF14 /* Pods-TestProjectUITests.debug.xcconfig */,
				A2F12C29217FB7F8A1DA1B75 /* Pods-TestProjectUITests.release.xcconfig */,
				ED3CC352302B40C3A4D0AFDA /* Pods-FootyHeadlines.debug.xcconfig */,
				2B849A5E5396B67B607633F5 /* Pods-FootyHeadlines.release.xcconfig */,
				B07ECE5DAAD9D0BA4A84249D /* Pods-FootyHeadlinesTests.debug.xcconfig */,
				136E83EBF659989D7316FD84 /* Pods-FootyHeadlinesTests.release.xcconfig */,
				259528389FB471FCD03E6699 /* Pods-FootyHeadlinesUITests.debug.xcconfig */,
				6DD6A30607F3D4D4616ABD1D /* Pods-FootyHeadlinesUITests.release.xcconfig */,
				9C93C8A50075A2F68D4CE355 /* Pods-OneSignalNotificationExtension.debug.xcconfig */,
				2F7329C1F00BD8FC4219BDDC /* Pods-OneSignalNotificationExtension.release.xcconfig */,
			);
			name = Pods;
			sourceTree = "<group>";
		};
		E9B3767116E99F1BA2E6B7B0 /* Frameworks */ = {
			isa = PBXGroup;
			children = (
				6E231C9220844D7D811D53F2 /* Pods_TestProject.framework */,
				28E6AC16E7F66230EAB9112F /* Pods_TestProjectTests.framework */,
				91F4D261B1CFDDE972C81DC4 /* Pods_TestProjectUITests.framework */,
				DC1B63EA066E81D52E5A6A44 /* Pods_FootyHeadlines.framework */,
				FAF110026690AFF4F36978C0 /* libPods-FootyHeadlinesTests.a */,
				7810EE1931871AAE72AD9042 /* libPods-FootyHeadlinesUITests.a */,
				E001D93B6B5154B763760667 /* libPods-OneSignalNotificationExtension.a */,
			);
			name = Frameworks;
			sourceTree = "<group>";
		};
/* End PBXGroup section */

/* Begin PBXNativeTarget section */
		436613C21F2F38FE009B5E8B /* OneSignalNotificationExtension */ = {
			isa = PBXNativeTarget;
			buildConfigurationList = 436613CE1F2F38FE009B5E8B /* Build configuration list for PBXNativeTarget "OneSignalNotificationExtension" */;
			buildPhases = (
				529E871E921BE225A64E588D /* [CP] Check Pods Manifest.lock */,
				436613BF1F2F38FE009B5E8B /* Sources */,
				436613C01F2F38FE009B5E8B /* Frameworks */,
				436613C11F2F38FE009B5E8B /* Resources */,
				958EEA2F4A13875FB92C9B54 /* [CP] Copy Pods Resources */,
			);
			buildRules = (
			);
			dependencies = (
			);
			name = OneSignalNotificationExtension;
			productName = OneSignalNotificationExtension;
			productReference = 436613C31F2F38FE009B5E8B /* OneSignalNotificationExtension.appex */;
			productType = "com.apple.product-type.app-extension";
		};
		43EA684B1E95365D00B94683 /* FootyHeadlines */ = {
			isa = PBXNativeTarget;
			buildConfigurationList = 43EA68741E95365D00B94683 /* Build configuration list for PBXNativeTarget "FootyHeadlines" */;
			buildPhases = (
				C092D2180BCFAB1D36AE3096 /* [CP] Check Pods Manifest.lock */,
				43EA68481E95365D00B94683 /* Sources */,
				43EA68491E95365D00B94683 /* Frameworks */,
				43EA684A1E95365D00B94683 /* Resources */,
				868FE2A5B006477CFD479CEF /* [CP] Embed Pods Frameworks */,
				6DA5F90B1DEE71F35024BED9 /* [CP] Copy Pods Resources */,
				436613CF1F2F38FE009B5E8B /* Embed App Extensions */,
			);
			buildRules = (
			);
			dependencies = (
				436613CA1F2F38FE009B5E8B /* PBXTargetDependency */,
			);
			name = FootyHeadlines;
			productName = TestProject;
			productReference = 43EA684C1E95365D00B94683 /* FootyHeadlines.app */;
			productType = "com.apple.product-type.application";
		};
		43EA685F1E95365D00B94683 /* FootyHeadlinesTests */ = {
			isa = PBXNativeTarget;
			buildConfigurationList = 43EA68771E95365D00B94683 /* Build configuration list for PBXNativeTarget "FootyHeadlinesTests" */;
			buildPhases = (
				7BA5BE934E25FBA6F244B1E9 /* [CP] Check Pods Manifest.lock */,
				43EA685C1E95365D00B94683 /* Sources */,
				43EA685D1E95365D00B94683 /* Frameworks */,
				43EA685E1E95365D00B94683 /* Resources */,
				5204F8972BCE4CE077938B47 /* [CP] Embed Pods Frameworks */,
				5B9B868E09CB853B56E8044E /* [CP] Copy Pods Resources */,
			);
			buildRules = (
			);
			dependencies = (
				43EA68621E95365D00B94683 /* PBXTargetDependency */,
			);
			name = FootyHeadlinesTests;
			productName = TestProjectTests;
			productReference = 43EA68601E95365D00B94683 /* FootyHeadlinesTests.xctest */;
			productType = "com.apple.product-type.bundle.unit-test";
		};
		43EA686A1E95365D00B94683 /* FootyHeadlinesUITests */ = {
			isa = PBXNativeTarget;
			buildConfigurationList = 43EA687A1E95365D00B94683 /* Build configuration list for PBXNativeTarget "FootyHeadlinesUITests" */;
			buildPhases = (
				C176B96BB0E1A8292420EBB9 /* [CP] Check Pods Manifest.lock */,
				43EA68671E95365D00B94683 /* Sources */,
				43EA68681E95365D00B94683 /* Frameworks */,
				43EA68691E95365D00B94683 /* Resources */,
				7ABA547920F30C5B71AB4652 /* [CP] Embed Pods Frameworks */,
				7797F1E245B23EDA5F9E8C1B /* [CP] Copy Pods Resources */,
			);
			buildRules = (
			);
			dependencies = (
				43EA686D1E95365D00B94683 /* PBXTargetDependency */,
			);
			name = FootyHeadlinesUITests;
			productName = TestProjectUITests;
			productReference = 43EA686B1E95365D00B94683 /* FootyHeadlinesUITests.xctest */;
			productType = "com.apple.product-type.bundle.ui-testing";
		};
/* End PBXNativeTarget section */

/* Begin PBXProject section */
		43EA68441E95365D00B94683 /* Project object */ = {
			isa = PBXProject;
			attributes = {
				LastSwiftUpdateCheck = 0830;
				LastUpgradeCheck = 0830;
				ORGANIZATIONNAME = "Footy Headlines";
				TargetAttributes = {
					436613C21F2F38FE009B5E8B = {
						CreatedOnToolsVersion = 8.3.3;
						DevelopmentTeam = N9396EHA96;
						ProvisioningStyle = Automatic;
					};
					43EA684B1E95365D00B94683 = {
						CreatedOnToolsVersion = 8.3;
						DevelopmentTeam = N9396EHA96;
						ProvisioningStyle = Manual;
						SystemCapabilities = {
							com.apple.BackgroundModes = {
								enabled = 1;
							};
							com.apple.Push = {
								enabled = 1;
							};
						};
					};
					43EA685F1E95365D00B94683 = {
						CreatedOnToolsVersion = 8.3;
						ProvisioningStyle = Automatic;
						TestTargetID = 43EA684B1E95365D00B94683;
					};
					43EA686A1E95365D00B94683 = {
						CreatedOnToolsVersion = 8.3;
						ProvisioningStyle = Automatic;
						TestTargetID = 43EA684B1E95365D00B94683;
					};
				};
			};
			buildConfigurationList = 43EA68471E95365D00B94683 /* Build configuration list for PBXProject "FootyHeadlines" */;
			compatibilityVersion = "Xcode 3.2";
			developmentRegion = English;
			hasScannedForEncodings = 0;
			knownRegions = (
				en,
				Base,
			);
			mainGroup = 43EA68431E95365D00B94683;
			productRefGroup = 43EA684D1E95365D00B94683 /* Products */;
			projectDirPath = "";
			projectRoot = "";
			targets = (
				43EA684B1E95365D00B94683 /* FootyHeadlines */,
				43EA685F1E95365D00B94683 /* FootyHeadlinesTests */,
				43EA686A1E95365D00B94683 /* FootyHeadlinesUITests */,
				436613C21F2F38FE009B5E8B /* OneSignalNotificationExtension */,
			);
		};
/* End PBXProject section */

/* Begin PBXResourcesBuildPhase section */
		436613C11F2F38FE009B5E8B /* Resources */ = {
			isa = PBXResourcesBuildPhase;
			buildActionMask = 2147483647;
			files = (
			);
			runOnlyForDeploymentPostprocessing = 0;
		};
		43EA684A1E95365D00B94683 /* Resources */ = {
			isa = PBXResourcesBuildPhase;
			buildActionMask = 2147483647;
			files = (
				432BF58C1EA642820055BEE6 /* Ad.xib in Resources */,
				43F0CFDC1EBE271E00563187 /* NativeExpressAd.xib in Resources */,
				43EA685A1E95365D00B94683 /* LaunchScreen.storyboard in Resources */,
				43F0CFD61EBDFFA400563187 /* DateHeaderTableViewCell.xib in Resources */,
				43EA68571E95365D00B94683 /* Assets.xcassets in Resources */,
				433380441EA90FC7006E41D3 /* PostItemText.xib in Resources */,
				4359EE601EB0A87300BCA43D /* PostIndexZZZView.xib in Resources */,
				43F0CFDA1EBDFFB400563187 /* CollectionHeaderTableViewCell.xib in Resources */,
				430D37771EBD185A00CF64EE /* SeperatorTableViewCell.xib in Resources */,
				43EE84B71EBBA6A700B9F45D /* BootIndexView.xib in Resources */,
				43EA68551E95365D00B94683 /* Main.storyboard in Resources */,
				4333804A1EA9182B006E41D3 /* PostItemImage.xib in Resources */,
				434E857D1EA598BB002B0144 /* PostIndexView.xib in Resources */,
			);
			runOnlyForDeploymentPostprocessing = 0;
		};
		43EA685E1E95365D00B94683 /* Resources */ = {
			isa = PBXResourcesBuildPhase;
			buildActionMask = 2147483647;
			files = (
			);
			runOnlyForDeploymentPostprocessing = 0;
		};
		43EA68691E95365D00B94683 /* Resources */ = {
			isa = PBXResourcesBuildPhase;
			buildActionMask = 2147483647;
			files = (
			);
			runOnlyForDeploymentPostprocessing = 0;
		};
/* End PBXResourcesBuildPhase section */

/* Begin PBXShellScriptBuildPhase section */
		5204F8972BCE4CE077938B47 /* [CP] Embed Pods Frameworks */ = {
			isa = PBXShellScriptBuildPhase;
			buildActionMask = 2147483647;
			files = (
			);
			inputPaths = (
			);
			name = "[CP] Embed Pods Frameworks";
			outputPaths = (
			);
			runOnlyForDeploymentPostprocessing = 0;
			shellPath = /bin/sh;
			shellScript = "\"${SRCROOT}/Pods/Target Support Files/Pods-FootyHeadlinesTests/Pods-FootyHeadlinesTests-frameworks.sh\"\n";
			showEnvVarsInLog = 0;
		};
		529E871E921BE225A64E588D /* [CP] Check Pods Manifest.lock */ = {
			isa = PBXShellScriptBuildPhase;
			buildActionMask = 2147483647;
			files = (
			);
			inputPaths = (
			);
			name = "[CP] Check Pods Manifest.lock";
			outputPaths = (
			);
			runOnlyForDeploymentPostprocessing = 0;
			shellPath = /bin/sh;
			shellScript = "diff \"${PODS_ROOT}/../Podfile.lock\" \"${PODS_ROOT}/Manifest.lock\" > /dev/null\nif [ $? != 0 ] ; then\n    # print error to STDERR\n    echo \"error: The sandbox is not in sync with the Podfile.lock. Run 'pod install' or update your CocoaPods installation.\" >&2\n    exit 1\nfi\n";
			showEnvVarsInLog = 0;
		};
		5B9B868E09CB853B56E8044E /* [CP] Copy Pods Resources */ = {
			isa = PBXShellScriptBuildPhase;
			buildActionMask = 2147483647;
			files = (
			);
			inputPaths = (
			);
			name = "[CP] Copy Pods Resources";
			outputPaths = (
			);
			runOnlyForDeploymentPostprocessing = 0;
			shellPath = /bin/sh;
			shellScript = "\"${SRCROOT}/Pods/Target Support Files/Pods-FootyHeadlinesTests/Pods-FootyHeadlinesTests-resources.sh\"\n";
			showEnvVarsInLog = 0;
		};
		6DA5F90B1DEE71F35024BED9 /* [CP] Copy Pods Resources */ = {
			isa = PBXShellScriptBuildPhase;
			buildActionMask = 2147483647;
			files = (
			);
			inputPaths = (
			);
			name = "[CP] Copy Pods Resources";
			outputPaths = (
			);
			runOnlyForDeploymentPostprocessing = 0;
			shellPath = /bin/sh;
			shellScript = "\"${SRCROOT}/Pods/Target Support Files/Pods-FootyHeadlines/Pods-FootyHeadlines-resources.sh\"\n";
			showEnvVarsInLog = 0;
		};
		7797F1E245B23EDA5F9E8C1B /* [CP] Copy Pods Resources */ = {
			isa = PBXShellScriptBuildPhase;
			buildActionMask = 2147483647;
			files = (
			);
			inputPaths = (
			);
			name = "[CP] Copy Pods Resources";
			outputPaths = (
			);
			runOnlyForDeploymentPostprocessing = 0;
			shellPath = /bin/sh;
			shellScript = "\"${SRCROOT}/Pods/Target Support Files/Pods-FootyHeadlinesUITests/Pods-FootyHeadlinesUITests-resources.sh\"\n";
			showEnvVarsInLog = 0;
		};
		7ABA547920F30C5B71AB4652 /* [CP] Embed Pods Frameworks */ = {
			isa = PBXShellScriptBuildPhase;
			buildActionMask = 2147483647;
			files = (
			);
			inputPaths = (
			);
			name = "[CP] Embed Pods Frameworks";
			outputPaths = (
			);
			runOnlyForDeploymentPostprocessing = 0;
			shellPath = /bin/sh;
			shellScript = "\"${SRCROOT}/Pods/Target Support Files/Pods-FootyHeadlinesUITests/Pods-FootyHeadlinesUITests-frameworks.sh\"\n";
			showEnvVarsInLog = 0;
		};
		7BA5BE934E25FBA6F244B1E9 /* [CP] Check Pods Manifest.lock */ = {
			isa = PBXShellScriptBuildPhase;
			buildActionMask = 2147483647;
			files = (
			);
			inputPaths = (
			);
			name = "[CP] Check Pods Manifest.lock";
			outputPaths = (
			);
			runOnlyForDeploymentPostprocessing = 0;
			shellPath = /bin/sh;
			shellScript = "diff \"${PODS_ROOT}/../Podfile.lock\" \"${PODS_ROOT}/Manifest.lock\" > /dev/null\nif [ $? != 0 ] ; then\n    # print error to STDERR\n    echo \"error: The sandbox is not in sync with the Podfile.lock. Run 'pod install' or update your CocoaPods installation.\" >&2\n    exit 1\nfi\n";
			showEnvVarsInLog = 0;
		};
		868FE2A5B006477CFD479CEF /* [CP] Embed Pods Frameworks */ = {
			isa = PBXShellScriptBuildPhase;
			buildActionMask = 2147483647;
			files = (
			);
			inputPaths = (
			);
			name = "[CP] Embed Pods Frameworks";
			outputPaths = (
			);
			runOnlyForDeploymentPostprocessing = 0;
			shellPath = /bin/sh;
			shellScript = "\"${SRCROOT}/Pods/Target Support Files/Pods-FootyHeadlines/Pods-FootyHeadlines-frameworks.sh\"\n";
			showEnvVarsInLog = 0;
		};
		958EEA2F4A13875FB92C9B54 /* [CP] Copy Pods Resources */ = {
			isa = PBXShellScriptBuildPhase;
			buildActionMask = 2147483647;
			files = (
			);
			inputPaths = (
			);
			name = "[CP] Copy Pods Resources";
			outputPaths = (
			);
			runOnlyForDeploymentPostprocessing = 0;
			shellPath = /bin/sh;
			shellScript = "\"${SRCROOT}/Pods/Target Support Files/Pods-OneSignalNotificationExtension/Pods-OneSignalNotificationExtension-resources.sh\"\n";
			showEnvVarsInLog = 0;
		};
		C092D2180BCFAB1D36AE3096 /* [CP] Check Pods Manifest.lock */ = {
			isa = PBXShellScriptBuildPhase;
			buildActionMask = 2147483647;
			files = (
			);
			inputPaths = (
			);
			name = "[CP] Check Pods Manifest.lock";
			outputPaths = (
			);
			runOnlyForDeploymentPostprocessing = 0;
			shellPath = /bin/sh;
			shellScript = "diff \"${PODS_ROOT}/../Podfile.lock\" \"${PODS_ROOT}/Manifest.lock\" > /dev/null\nif [ $? != 0 ] ; then\n    # print error to STDERR\n    echo \"error: The sandbox is not in sync with the Podfile.lock. Run 'pod install' or update your CocoaPods installation.\" >&2\n    exit 1\nfi\n";
			showEnvVarsInLog = 0;
		};
		C176B96BB0E1A8292420EBB9 /* [CP] Check Pods Manifest.lock */ = {
			isa = PBXShellScriptBuildPhase;
			buildActionMask = 2147483647;
			files = (
			);
			inputPaths = (
			);
			name = "[CP] Check Pods Manifest.lock";
			outputPaths = (
			);
			runOnlyForDeploymentPostprocessing = 0;
			shellPath = /bin/sh;
			shellScript = "diff \"${PODS_ROOT}/../Podfile.lock\" \"${PODS_ROOT}/Manifest.lock\" > /dev/null\nif [ $? != 0 ] ; then\n    # print error to STDERR\n    echo \"error: The sandbox is not in sync with the Podfile.lock. Run 'pod install' or update your CocoaPods installation.\" >&2\n    exit 1\nfi\n";
			showEnvVarsInLog = 0;
		};
/* End PBXShellScriptBuildPhase section */

/* Begin PBXSourcesBuildPhase section */
		436613BF1F2F38FE009B5E8B /* Sources */ = {
			isa = PBXSourcesBuildPhase;
			buildActionMask = 2147483647;
			files = (
				436613C71F2F38FE009B5E8B /* NotificationService.m in Sources */,
			);
			runOnlyForDeploymentPostprocessing = 0;
		};
		43EA68481E95365D00B94683 /* Sources */ = {
			isa = PBXSourcesBuildPhase;
			buildActionMask = 2147483647;
			files = (
				4359EE581EB0A0C600BCA43D /* PostItemWebViewController.swift in Sources */,
				43EA68521E95365D00B94683 /* ViewController.swift in Sources */,
				43FDEC881EA6D5D80065C400 /* PostItemViewController.swift in Sources */,
				43EE84B91EBBADA100B9F45D /* Boot.swift in Sources */,
				43EE84B61EBBA6A700B9F45D /* BootIndexView.swift in Sources */,
				4359EE561EB09B2100BCA43D /* PostItemViewControllerNew.swift in Sources */,
				43F0CFD91EBDFFB400563187 /* CollectionHeaderTableViewCell.swift in Sources */,
				4324CA341E978FDA005D82FF /* PostListViewController.swift in Sources */,
				4359EE5F1EB0A87300BCA43D /* PostIndexZZZView.swift in Sources */,
				4349BE091EBB9B4D00AFF03E /* BootListViewController.swift in Sources */,
				43F0CFD51EBDFFA400563187 /* DateHeaderTableViewCell.swift in Sources */,
				433ED3CE1F1F501400488C98 /* KitOverviewViewController.swift in Sources */,
				434E857C1EA598BB002B0144 /* PostIndexView.swift in Sources */,
				43EA68501E95365D00B94683 /* AppDelegate.swift in Sources */,
				4324CA361E97D5EE005D82FF /* Post.swift in Sources */,
				433380491EA9182B006E41D3 /* PostItemImage.swift in Sources */,
				433380461EA910BE006E41D3 /* PostItemText.swift in Sources */,
			);
			runOnlyForDeploymentPostprocessing = 0;
		};
		43EA685C1E95365D00B94683 /* Sources */ = {
			isa = PBXSourcesBuildPhase;
			buildActionMask = 2147483647;
			files = (
				43EA68651E95365D00B94683 /* TestProjectTests.swift in Sources */,
			);
			runOnlyForDeploymentPostprocessing = 0;
		};
		43EA68671E95365D00B94683 /* Sources */ = {
			isa = PBXSourcesBuildPhase;
			buildActionMask = 2147483647;
			files = (
				43EA68701E95365D00B94683 /* TestProjectUITests.swift in Sources */,
			);
			runOnlyForDeploymentPostprocessing = 0;
		};
/* End PBXSourcesBuildPhase section */

/* Begin PBXTargetDependency section */
		436613CA1F2F38FE009B5E8B /* PBXTargetDependency */ = {
			isa = PBXTargetDependency;
			target = 436613C21F2F38FE009B5E8B /* OneSignalNotificationExtension */;
			targetProxy = 436613C91F2F38FE009B5E8B /* PBXContainerItemProxy */;
		};
		43EA68621E95365D00B94683 /* PBXTargetDependency */ = {
			isa = PBXTargetDependency;
			target = 43EA684B1E95365D00B94683 /* FootyHeadlines */;
			targetProxy = 43EA68611E95365D00B94683 /* PBXContainerItemProxy */;
		};
		43EA686D1E95365D00B94683 /* PBXTargetDependency */ = {
			isa = PBXTargetDependency;
			target = 43EA684B1E95365D00B94683 /* FootyHeadlines */;
			targetProxy = 43EA686C1E95365D00B94683 /* PBXContainerItemProxy */;
		};
/* End PBXTargetDependency section */

/* Begin PBXVariantGroup section */
		43EA68531E95365D00B94683 /* Main.storyboard */ = {
			isa = PBXVariantGroup;
			children = (
				43EA68541E95365D00B94683 /* Base */,
			);
			name = Main.storyboard;
			sourceTree = "<group>";
		};
		43EA68581E95365D00B94683 /* LaunchScreen.storyboard */ = {
			isa = PBXVariantGroup;
			children = (
				43EA68591E95365D00B94683 /* Base */,
			);
			name = LaunchScreen.storyboard;
			sourceTree = "<group>";
		};
/* End PBXVariantGroup section */

/* Begin XCBuildConfiguration section */
		436613CC1F2F38FE009B5E8B /* Debug */ = {
			isa = XCBuildConfiguration;
			baseConfigurationReference = 9C93C8A50075A2F68D4CE355 /* Pods-OneSignalNotificationExtension.debug.xcconfig */;
			buildSettings = {
				DEVELOPMENT_TEAM = N9396EHA96;
				INFOPLIST_FILE = OneSignalNotificationExtension/Info.plist;
				LD_RUNPATH_SEARCH_PATHS = "$(inherited) @executable_path/Frameworks @executable_path/../../Frameworks";
				PRODUCT_BUNDLE_IDENTIFIER = com.footyheadlines.OneSignalNotificationExtension;
				PRODUCT_NAME = "$(TARGET_NAME)";
				SKIP_INSTALL = YES;
			};
			name = Debug;
		};
		436613CD1F2F38FE009B5E8B /* Release */ = {
			isa = XCBuildConfiguration;
			baseConfigurationReference = 2F7329C1F00BD8FC4219BDDC /* Pods-OneSignalNotificationExtension.release.xcconfig */;
			buildSettings = {
				DEVELOPMENT_TEAM = N9396EHA96;
				INFOPLIST_FILE = OneSignalNotificationExtension/Info.plist;
				LD_RUNPATH_SEARCH_PATHS = "$(inherited) @executable_path/Frameworks @executable_path/../../Frameworks";
				PRODUCT_BUNDLE_IDENTIFIER = com.footyheadlines.OneSignalNotificationExtension;
				PRODUCT_NAME = "$(TARGET_NAME)";
				SKIP_INSTALL = YES;
			};
			name = Release;
		};
		43EA68721E95365D00B94683 /* Debug */ = {
			isa = XCBuildConfiguration;
			buildSettings = {
				ALWAYS_SEARCH_USER_PATHS = NO;
				CLANG_ANALYZER_NONNULL = YES;
				CLANG_ANALYZER_NUMBER_OBJECT_CONVERSION = YES_AGGRESSIVE;
				CLANG_CXX_LANGUAGE_STANDARD = "gnu++0x";
				CLANG_CXX_LIBRARY = "libc++";
				CLANG_ENABLE_MODULES = YES;
				CLANG_ENABLE_OBJC_ARC = YES;
				CLANG_WARN_BOOL_CONVERSION = YES;
				CLANG_WARN_CONSTANT_CONVERSION = YES;
				CLANG_WARN_DIRECT_OBJC_ISA_USAGE = YES_ERROR;
				CLANG_WARN_DOCUMENTATION_COMMENTS = YES;
				CLANG_WARN_EMPTY_BODY = YES;
				CLANG_WARN_ENUM_CONVERSION = YES;
				CLANG_WARN_INFINITE_RECURSION = YES;
				CLANG_WARN_INT_CONVERSION = YES;
				CLANG_WARN_OBJC_ROOT_CLASS = YES_ERROR;
				CLANG_WARN_SUSPICIOUS_MOVE = YES;
				CLANG_WARN_UNREACHABLE_CODE = YES;
				CLANG_WARN__DUPLICATE_METHOD_MATCH = YES;
				"CODE_SIGN_IDENTITY[sdk=iphoneos*]" = "iPhone Developer";
				COPY_PHASE_STRIP = NO;
				DEBUG_INFORMATION_FORMAT = dwarf;
				ENABLE_STRICT_OBJC_MSGSEND = YES;
				ENABLE_TESTABILITY = YES;
				GCC_C_LANGUAGE_STANDARD = gnu99;
				GCC_DYNAMIC_NO_PIC = NO;
				GCC_NO_COMMON_BLOCKS = YES;
				GCC_OPTIMIZATION_LEVEL = 0;
				GCC_PREPROCESSOR_DEFINITIONS = (
					"DEBUG=1",
					"$(inherited)",
				);
				GCC_WARN_64_TO_32_BIT_CONVERSION = YES;
				GCC_WARN_ABOUT_RETURN_TYPE = YES_ERROR;
				GCC_WARN_UNDECLARED_SELECTOR = YES;
				GCC_WARN_UNINITIALIZED_AUTOS = YES_AGGRESSIVE;
				GCC_WARN_UNUSED_FUNCTION = YES;
				GCC_WARN_UNUSED_VARIABLE = YES;
				IPHONEOS_DEPLOYMENT_TARGET = 10.3;
				MTL_ENABLE_DEBUG_INFO = YES;
				ONLY_ACTIVE_ARCH = YES;
				SDKROOT = iphoneos;
				SWIFT_ACTIVE_COMPILATION_CONDITIONS = DEBUG;
				SWIFT_OPTIMIZATION_LEVEL = "-Onone";
				TARGETED_DEVICE_FAMILY = "1,2";
			};
			name = Debug;
		};
		43EA68731E95365D00B94683 /* Release */ = {
			isa = XCBuildConfiguration;
			buildSettings = {
				ALWAYS_SEARCH_USER_PATHS = NO;
				CLANG_ANALYZER_NONNULL = YES;
				CLANG_ANALYZER_NUMBER_OBJECT_CONVERSION = YES_AGGRESSIVE;
				CLANG_CXX_LANGUAGE_STANDARD = "gnu++0x";
				CLANG_CXX_LIBRARY = "libc++";
				CLANG_ENABLE_MODULES = YES;
				CLANG_ENABLE_OBJC_ARC = YES;
				CLANG_WARN_BOOL_CONVERSION = YES;
				CLANG_WARN_CONSTANT_CONVERSION = YES;
				CLANG_WARN_DIRECT_OBJC_ISA_USAGE = YES_ERROR;
				CLANG_WARN_DOCUMENTATION_COMMENTS = YES;
				CLANG_WARN_EMPTY_BODY = YES;
				CLANG_WARN_ENUM_CONVERSION = YES;
				CLANG_WARN_INFINITE_RECURSION = YES;
				CLANG_WARN_INT_CONVERSION = YES;
				CLANG_WARN_OBJC_ROOT_CLASS = YES_ERROR;
				CLANG_WARN_SUSPICIOUS_MOVE = YES;
				CLANG_WARN_UNREACHABLE_CODE = YES;
				CLANG_WARN__DUPLICATE_METHOD_MATCH = YES;
				"CODE_SIGN_IDENTITY[sdk=iphoneos*]" = "iPhone Developer";
				COPY_PHASE_STRIP = NO;
				DEBUG_INFORMATION_FORMAT = "dwarf-with-dsym";
				ENABLE_NS_ASSERTIONS = NO;
				ENABLE_STRICT_OBJC_MSGSEND = YES;
				GCC_C_LANGUAGE_STANDARD = gnu99;
				GCC_NO_COMMON_BLOCKS = YES;
				GCC_WARN_64_TO_32_BIT_CONVERSION = YES;
				GCC_WARN_ABOUT_RETURN_TYPE = YES_ERROR;
				GCC_WARN_UNDECLARED_SELECTOR = YES;
				GCC_WARN_UNINITIALIZED_AUTOS = YES_AGGRESSIVE;
				GCC_WARN_UNUSED_FUNCTION = YES;
				GCC_WARN_UNUSED_VARIABLE = YES;
				IPHONEOS_DEPLOYMENT_TARGET = 10.3;
				MTL_ENABLE_DEBUG_INFO = NO;
				SDKROOT = iphoneos;
				SWIFT_OPTIMIZATION_LEVEL = "-Owholemodule";
				TARGETED_DEVICE_FAMILY = "1,2";
				VALIDATE_PRODUCT = YES;
			};
			name = Release;
		};
		43EA68751E95365D00B94683 /* Debug */ = {
			isa = XCBuildConfiguration;
			baseConfigurationReference = ED3CC352302B40C3A4D0AFDA /* Pods-FootyHeadlines.debug.xcconfig */;
			buildSettings = {
				ASSETCATALOG_COMPILER_APPICON_NAME = AppIcon;
				CODE_SIGN_ENTITLEMENTS = FootyHeadlines.entitlements;
				"CODE_SIGN_IDENTITY[sdk=iphoneos*]" = "iPhone Distribution";
				DEVELOPMENT_TEAM = N9396EHA96;
				INFOPLIST_FILE = TestProject/Info.plist;
				IPHONEOS_DEPLOYMENT_TARGET = 9.0;
				LD_RUNPATH_SEARCH_PATHS = "$(inherited) @executable_path/Frameworks";
				PRODUCT_BUNDLE_IDENTIFIER = com.footyheadlines;
				PRODUCT_NAME = "$(TARGET_NAME)";
				PROVISIONING_PROFILE = "9a662149-09c9-4900-bdcb-7bc6092f66df";
				PROVISIONING_PROFILE_SPECIFIER = "Footy Headlines";
				SWIFT_VERSION = 3.0;
				TARGETED_DEVICE_FAMILY = 1;
			};
			name = Debug;
		};
		43EA68761E95365D00B94683 /* Release */ = {
			isa = XCBuildConfiguration;
			baseConfigurationReference = 2B849A5E5396B67B607633F5 /* Pods-FootyHeadlines.release.xcconfig */;
			buildSettings = {
				ASSETCATALOG_COMPILER_APPICON_NAME = AppIcon;
				CODE_SIGN_ENTITLEMENTS = FootyHeadlines.entitlements;
				"CODE_SIGN_IDENTITY[sdk=iphoneos*]" = "iPhone Distribution: Eial Donnenfeld (N9396EHA96)";
				DEVELOPMENT_TEAM = N9396EHA96;
				INFOPLIST_FILE = TestProject/Info.plist;
				IPHONEOS_DEPLOYMENT_TARGET = 9.0;
				LD_RUNPATH_SEARCH_PATHS = "$(inherited) @executable_path/Frameworks";
				PRODUCT_BUNDLE_IDENTIFIER = com.footyheadlines;
				PRODUCT_NAME = "$(TARGET_NAME)";
				PROVISIONING_PROFILE = "0cc8ecc0-7eca-41f6-a5f9-0bce73b85fdd";
				PROVISIONING_PROFILE_SPECIFIER = "Footy Headlines";
				SWIFT_VERSION = 3.0;
				TARGETED_DEVICE_FAMILY = 1;
			};
			name = Release;
		};
		43EA68781E95365D00B94683 /* Debug */ = {
			isa = XCBuildConfiguration;
			baseConfigurationReference = B07ECE5DAAD9D0BA4A84249D /* Pods-FootyHeadlinesTests.debug.xcconfig */;
			buildSettings = {
				ALWAYS_EMBED_SWIFT_STANDARD_LIBRARIES = YES;
				BUNDLE_LOADER = "$(TEST_HOST)";
				INFOPLIST_FILE = TestProjectTests/Info.plist;
				LD_RUNPATH_SEARCH_PATHS = "$(inherited) @executable_path/Frameworks @loader_path/Frameworks";
				PRODUCT_BUNDLE_IDENTIFIER = com.footyheadlines.TestProjectTests;
				PRODUCT_NAME = "$(TARGET_NAME)";
				SWIFT_VERSION = 3.0;
				TEST_HOST = "$(BUILT_PRODUCTS_DIR)/FootyHeadlines.app/FootyHeadlines";
			};
			name = Debug;
		};
		43EA68791E95365D00B94683 /* Release */ = {
			isa = XCBuildConfiguration;
			baseConfigurationReference = 136E83EBF659989D7316FD84 /* Pods-FootyHeadlinesTests.release.xcconfig */;
			buildSettings = {
				ALWAYS_EMBED_SWIFT_STANDARD_LIBRARIES = YES;
				BUNDLE_LOADER = "$(TEST_HOST)";
				INFOPLIST_FILE = TestProjectTests/Info.plist;
				LD_RUNPATH_SEARCH_PATHS = "$(inherited) @executable_path/Frameworks @loader_path/Frameworks";
				PRODUCT_BUNDLE_IDENTIFIER = com.footyheadlines.TestProjectTests;
				PRODUCT_NAME = "$(TARGET_NAME)";
				SWIFT_VERSION = 3.0;
				TEST_HOST = "$(BUILT_PRODUCTS_DIR)/FootyHeadlines.app/FootyHeadlines";
			};
			name = Release;
		};
		43EA687B1E95365D00B94683 /* Debug */ = {
			isa = XCBuildConfiguration;
			baseConfigurationReference = 259528389FB471FCD03E6699 /* Pods-FootyHeadlinesUITests.debug.xcconfig */;
			buildSettings = {
				ALWAYS_EMBED_SWIFT_STANDARD_LIBRARIES = YES;
				INFOPLIST_FILE = TestProjectUITests/Info.plist;
				LD_RUNPATH_SEARCH_PATHS = "$(inherited) @executable_path/Frameworks @loader_path/Frameworks";
				PRODUCT_BUNDLE_IDENTIFIER = com.footyheadlines.TestProjectUITests;
				PRODUCT_NAME = "$(TARGET_NAME)";
				SWIFT_VERSION = 3.0;
				TEST_TARGET_NAME = TestProject;
			};
			name = Debug;
		};
		43EA687C1E95365D00B94683 /* Release */ = {
			isa = XCBuildConfiguration;
			baseConfigurationReference = 6DD6A30607F3D4D4616ABD1D /* Pods-FootyHeadlinesUITests.release.xcconfig */;
			buildSettings = {
				ALWAYS_EMBED_SWIFT_STANDARD_LIBRARIES = YES;
				INFOPLIST_FILE = TestProjectUITests/Info.plist;
				LD_RUNPATH_SEARCH_PATHS = "$(inherited) @executable_path/Frameworks @loader_path/Frameworks";
				PRODUCT_BUNDLE_IDENTIFIER = com.footyheadlines.TestProjectUITests;
				PRODUCT_NAME = "$(TARGET_NAME)";
				SWIFT_VERSION = 3.0;
				TEST_TARGET_NAME = TestProject;
			};
			name = Release;
		};
/* End XCBuildConfiguration section */

/* Begin XCConfigurationList section */
		436613CE1F2F38FE009B5E8B /* Build configuration list for PBXNativeTarget "OneSignalNotificationExtension" */ = {
			isa = XCConfigurationList;
			buildConfigurations = (
				436613CC1F2F38FE009B5E8B /* Debug */,
				436613CD1F2F38FE009B5E8B /* Release */,
			);
			defaultConfigurationIsVisible = 0;
			defaultConfigurationName = Release;
		};
		43EA68471E95365D00B94683 /* Build configuration list for PBXProject "FootyHeadlines" */ = {
			isa = XCConfigurationList;
			buildConfigurations = (
				43EA68721E95365D00B94683 /* Debug */,
				43EA68731E95365D00B94683 /* Release */,
			);
			defaultConfigurationIsVisible = 0;
			defaultConfigurationName = Release;
		};
		43EA68741E95365D00B94683 /* Build configuration list for PBXNativeTarget "FootyHeadlines" */ = {
			isa = XCConfigurationList;
			buildConfigurations = (
				43EA68751E95365D00B94683 /* Debug */,
				43EA68761E95365D00B94683 /* Release */,
			);
			defaultConfigurationIsVisible = 0;
			defaultConfigurationName = Release;
		};
		43EA68771E95365D00B94683 /* Build configuration list for PBXNativeTarget "FootyHeadlinesTests" */ = {
			isa = XCConfigurationList;
			buildConfigurations = (
				43EA68781E95365D00B94683 /* Debug */,
				43EA68791E95365D00B94683 /* Release */,
			);
			defaultConfigurationIsVisible = 0;
			defaultConfigurationName = Release;
		};
		43EA687A1E95365D00B94683 /* Build configuration list for PBXNativeTarget "FootyHeadlinesUITests" */ = {
			isa = XCConfigurationList;
			buildConfigurations = (
				43EA687B1E95365D00B94683 /* Debug */,
				43EA687C1E95365D00B94683 /* Release */,
			);
			defaultConfigurationIsVisible = 0;
			defaultConfigurationName = Release;
		};
/* End XCConfigurationList section */
	};
	rootObject = 43EA68441E95365D00B94683 /* Project object */;
}
